
Microsoft Visual Studio Solution File, Format Version 12.00
# Visual Studio Version 17
VisualStudioVersion = 17.8.34525.116
MinimumVisualStudioVersion = 10.0.40219.1
Project("{9A19103F-16F7-4668-BE54-9A1E7A4F7556}") = "ConsoleDiscordBot", "ConsoleDiscordBot\ConsoleDiscordBot.csproj", "{F99C19F3-A873-42F9-B9A7-61F8A1DE930E}"
EndProject
Global
	GlobalSection(SolutionConfigurationPlatforms) = preSolution
		Debug|Any CPU = Debug|Any CPU
		Release|Any CPU = Release|Any CPU
	EndGlobalSection
	GlobalSection(ProjectConfigurationPlatforms) = postSolution
		{F99C19F3-A873-42F9-B9A7-61F8A1DE930E}.Debug|Any CPU.ActiveCfg = Debug|Any CPU
		{F99C19F3-A873-42F9-B9A7-61F8A1DE930E}.Debug|Any CPU.Build.0 = Debug|Any CPU
		{F99C19F3-A873-42F9-B9A7-61F8A1DE930E}.Release|Any CPU.ActiveCfg = Release|Any CPU
		{F99C19F3-A873-42F9-B9A7-61F8A1DE930E}.Release|Any CPU.Build.0 = Release|Any CPU
	EndGlobalSection
	GlobalSection(SolutionProperties) = preSolution
		HideSolutionNode = FALSE
	EndGlobalSection
	GlobalSection(ExtensibilityGlobals) = postSolution
		SolutionGuid = {35E873F4-EC7F-43D3-B6A2-6F5608B3E018}
	EndGlobalSection
EndGlobal
